// !$*UTF8*$!
{
	archiveVersion = 1;
	classes = {
	};
	objectVersion = 56;
	objects = {

/* Begin PBXBuildFile section */
		87DAEA1E2A9CB94700B6E194 /* AppDelegate.swift in Sources */ = {isa = PBXBuildFile; fileRef = 87DAEA1D2A9CB94700B6E194 /* AppDelegate.swift */; };
		87DAEA202A9CB94700B6E194 /* SceneDelegate.swift in Sources */ = {isa = PBXBuildFile; fileRef = 87DAEA1F2A9CB94700B6E194 /* SceneDelegate.swift */; };
		87DAEA252A9CB94700B6E194 /* Main.storyboard in Resources */ = {isa = PBXBuildFile; fileRef = 87DAEA232A9CB94700B6E194 /* Main.storyboard */; };
		87DAEA272A9CB94700B6E194 /* Assets.xcassets in Resources */ = {isa = PBXBuildFile; fileRef = 87DAEA262A9CB94700B6E194 /* Assets.xcassets */; };
		87DAEA2A2A9CB94700B6E194 /* LaunchScreen.storyboard in Resources */ = {isa = PBXBuildFile; fileRef = 87DAEA282A9CB94700B6E194 /* LaunchScreen.storyboard */; };
		87DAEA322A9CB95F00B6E194 /* ViewControllerA.swift in Sources */ = {isa = PBXBuildFile; fileRef = 87DAEA312A9CB95F00B6E194 /* ViewControllerA.swift */; };
		87DAEA342A9CB96B00B6E194 /* ViewControllerC.swift in Sources */ = {isa = PBXBuildFile; fileRef = 87DAEA332A9CB96B00B6E194 /* ViewControllerC.swift */; };
		87DAEA362A9CC61E00B6E194 /* ViewControllerB.swift in Sources */ = {isa = PBXBuildFile; fileRef = 87DAEA352A9CC61E00B6E194 /* ViewControllerB.swift */; };
/* End PBXBuildFile section */

/* Begin PBXFileReference section */
		87DAEA1A2A9CB94700B6E194 /* NavigationControllerTest.app */ = {isa = PBXFileReference; explicitFileType = wrapper.application; includeInIndex = 0; path = NavigationControllerTest.app; sourceTree = BUILT_PRODUCTS_DIR; };
		87DAEA1D2A9CB94700B6E194 /* AppDelegate.swift */ = {isa = PBXFileReference; lastKnownFileType = sourcecode.swift; path = AppDelegate.swift; sourceTree = "<group>"; };
		87DAEA1F2A9CB94700B6E194 /* SceneDelegate.swift */ = {isa = PBXFileReference; lastKnownFileType = sourcecode.swift; path = SceneDelegate.swift; sourceTree = "<group>"; };
		87DAEA242A9CB94700B6E194 /* Base */ = {isa = PBXFileReference; lastKnownFileType = file.storyboard; name = Base; path = Base.lproj/Main.storyboard; sourceTree = "<group>"; };
		87DAEA262A9CB94700B6E194 /* Assets.xcassets */ = {isa = PBXFileReference; lastKnownFileType = folder.assetcatalog; path = Assets.xcassets; sourceTree = "<group>"; };
		87DAEA292A9CB94700B6E194 /* Base */ = {isa = PBXFileReference; lastKnownFileType = file.storyboard; name = Base; path = Base.lproj/LaunchScreen.storyboard; sourceTree = "<group>"; };
		87DAEA2B2A9CB94700B6E194 /* Info.plist */ = {isa = PBXFileReference; lastKnownFileType = text.plist.xml; path = Info.plist; sourceTree = "<group>"; };
		87DAEA312A9CB95F00B6E194 /* ViewControllerA.swift */ = {isa = PBXFileReference; lastKnownFileType = sourcecode.swift; path = ViewControllerA.swift; sourceTree = "<group>"; };
		87DAEA332A9CB96B00B6E194 /* ViewControllerC.swift */ = {isa = PBXFileReference; lastKnownFileType = sourcecode.swift; path = ViewControllerC.swift; sourceTree = "<group>"; };
		87DAEA352A9CC61E00B6E194 /* ViewControllerB.swift */ = {isa = PBXFileReference; lastKnownFileType = sourcecode.swift; path = ViewControllerB.swift; sourceTree = "<group>"; };
		87DAEA372A9CC8A800B6E194 /* README.md */ = {isa = PBXFileReference; lastKnownFileType = net.daringfireball.markdown; path = README.md; sourceTree = "<group>"; };
/* End PBXFileReference section */

/* Begin PBXFrameworksBuildPhase section */
		87DAEA172A9CB94700B6E194 /* Frameworks */ = {
			isa = PBXFrameworksBuildPhase;
			buildActionMask = 2147483647;
			files = (
			);
			runOnlyForDeploymentPostprocessing = 0;
		};
/* End PBXFrameworksBuildPhase section */

/* Begin PBXGroup section */
		87DAEA112A9CB94700B6E194 = {
			isa = PBXGroup;
			children = (
				87DAEA382A9CC9A000B6E194 /* images */,
				87DAEA372A9CC8A800B6E194 /* README.md */,
				87DAEA1C2A9CB94700B6E194 /* NavigationControllerTest */,
				87DAEA1B2A9CB94700B6E194 /* Products */,
			);
			sourceTree = "<group>";
		};
		87DAEA1B2A9CB94700B6E194 /* Products */ = {
			isa = PBXGroup;
			children = (
				87DAEA1A2A9CB94700B6E194 /* NavigationControllerTest.app */,
			);
			name = Products;
			sourceTree = "<group>";
		};
		87DAEA1C2A9CB94700B6E194 /* NavigationControllerTest */ = {
			isa = PBXGroup;
			children = (
				87DAEA1D2A9CB94700B6E194 /* AppDelegate.swift */,
				87DAEA1F2A9CB94700B6E194 /* SceneDelegate.swift */,
				87DAEA232A9CB94700B6E194 /* Main.storyboard */,
				87DAEA262A9CB94700B6E194 /* Assets.xcassets */,
				87DAEA282A9CB94700B6E194 /* LaunchScreen.storyboard */,
				87DAEA2B2A9CB94700B6E194 /* Info.plist */,
				87DAEA312A9CB95F00B6E194 /* ViewControllerA.swift */,
				87DAEA332A9CB96B00B6E194 /* ViewControllerC.swift */,
				87DAEA352A9CC61E00B6E194 /* ViewControllerB.swift */,
			);
			path = NavigationControllerTest;
			sourceTree = "<group>";
		};
		87DAEA382A9CC9A000B6E194 /* images */ = {
			isa = PBXGroup;
			children = (
			);
			path = images;
			sourceTree = "<group>";
		};
/* End PBXGroup section */

/* Begin PBXNativeTarget section */
		87DAEA192A9CB94700B6E194 /* NavigationControllerTest */ = {
			isa = PBXNativeTarget;
			buildConfigurationList = 87DAEA2E2A9CB94700B6E194 /* Build configuration list for PBXNativeTarget "NavigationControllerTest" */;
			buildPhases = (
				87DAEA162A9CB94700B6E194 /* Sources */,
				87DAEA172A9CB94700B6E194 /* Frameworks */,
				87DAEA182A9CB94700B6E194 /* Resources */,
			);
			buildRules = (
			);
			dependencies = (
			);
			name = NavigationControllerTest;
			productName = NavigationControllerTest;
			productReference = 87DAEA1A2A9CB94700B6E194 /* NavigationControllerTest.app */;
			productType = "com.apple.product-type.application";
		};
/* End PBXNativeTarget section */

/* Begin PBXProject section */
		87DAEA122A9CB94700B6E194 /* Project object */ = {
			isa = PBXProject;
			attributes = {
				BuildIndependentTargetsInParallel = 1;
				LastSwiftUpdateCheck = 1430;
				LastUpgradeCheck = 1430;
				TargetAttributes = {
					87DAEA192A9CB94700B6E194 = {
						CreatedOnToolsVersion = 14.3.1;
					};
				};
			};
			buildConfigurationList = 87DAEA152A9CB94700B6E194 /* Build configuration list for PBXProject "NavigationControllerTest" */;
			compatibilityVersion = "Xcode 14.0";
			developmentRegion = en;
			hasScannedForEncodings = 0;
			knownRegions = (
				en,
				Base,
			);
			mainGroup = 87DAEA112A9CB94700B6E194;
			productRefGroup = 87DAEA1B2A9CB94700B6E194 /* Products */;
			projectDirPath = "";
			projectRoot = "";
			targets = (
				87DAEA192A9CB94700B6E194 /* NavigationControllerTest */,
			);
		};
/* End PBXProject section */

/* Begin PBXResourcesBuildPhase section */
		87DAEA182A9CB94700B6E194 /* Resources */ = {
			isa = PBXResourcesBuildPhase;
			buildActionMask = 2147483647;
			files = (
				87DAEA2A2A9CB94700B6E194 /* LaunchScreen.storyboard in Resources */,
				87DAEA272A9CB94700B6E194 /* Assets.xcassets in Resources */,
				87DAEA252A9CB94700B6E194 /* Main.storyboard in Resources */,
			);
			runOnlyForDeploymentPostprocessing = 0;
		};
/* End PBXResourcesBuildPhase section */

/* Begin PBXSourcesBuildPhase section */
		87DAEA162A9CB94700B6E194 /* Sources */ = {
			isa = PBXSourcesBuildPhase;
			buildActionMask = 2147483647;
			files = (
				87DAEA1E2A9CB94700B6E194 /* AppDelegate.swift in Sources */,
				87DAEA322A9CB95F00B6E194 /* ViewControllerA.swift in Sources */,
				87DAEA362A9CC61E00B6E194 /* ViewControllerB.swift in Sources */,
				87DAEA342A9CB96B00B6E194 /* ViewControllerC.swift in Sources */,
				87DAEA202A9CB94700B6E194 /* SceneDelegate.swift in Sources */,
			);
			runOnlyForDeploymentPostprocessing = 0;
		};
/* End PBXSourcesBuildPhase section */

/* Begin PBXVariantGroup section */
		87DAEA232A9CB94700B6E194 /* Main.storyboard */ = {
			isa = PBXVariantGroup;
			children = (
				87DAEA242A9CB94700B6E194 /* Base */,
			);
			name = Main.storyboard;
			sourceTree = "<group>";
		};
		87DAEA282A9CB94700B6E194 /* LaunchScreen.storyboard */ = {
			isa = PBXVariantGroup;
			children = (
				87DAEA292A9CB94700B6E194 /* Base */,
			);
			name = LaunchScreen.storyboard;
			sourceTree = "<group>";
		};
/* End PBXVariantGroup section */

/* Begin XCBuildConfiguration section */
		87DAEA2C2A9CB94700B6E194 /* Debug */ = {
			isa = XCBuildConfiguration;
			buildSettings = {
				ALWAYS_SEARCH_USER_PATHS = NO;
				CLANG_ANALYZER_NONNULL = YES;
				CLANG_ANALYZER_NUMBER_OBJECT_CONVERSION = YES_AGGRESSIVE;
				CLANG_CXX_LANGUAGE_STANDARD = "gnu++20";
				CLANG_ENABLE_MODULES = YES;
				CLANG_ENABLE_OBJC_ARC = YES;
				CLANG_ENABLE_OBJC_WEAK = YES;
				CLANG_WARN_BLOCK_CAPTURE_AUTORELEASING = YES;
				CLANG_WARN_BOOL_CONVERSION = YES;
				CLANG_WARN_COMMA = YES;
				CLANG_WARN_CONSTANT_CONVERSION = YES;
				CLANG_WARN_DEPRECATED_OBJC_IMPLEMENTATIONS = YES;
				CLANG_WARN_DIRECT_OBJC_ISA_USAGE = YES_ERROR;
				CLANG_WARN_DOCUMENTATION_COMMENTS = YES;
				CLANG_WARN_EMPTY_BODY = YES;
				CLANG_WARN_ENUM_CONVERSION = YES;
				CLANG_WARN_INFINITE_RECURSION = YES;
				CLANG_WARN_INT_CONVERSION = YES;
				CLANG_WARN_NON_LITERAL_NULL_CONVERSION = YES;
				CLANG_WARN_OBJC_IMPLICIT_RETAIN_SELF = YES;
				CLANG_WARN_OBJC_LITERAL_CONVERSION = YES;
				CLANG_WARN_OBJC_ROOT_CLASS = YES_ERROR;
				CLANG_WARN_QUOTED_INCLUDE_IN_FRAMEWORK_HEADER = YES;
				CLANG_WARN_RANGE_LOOP_ANALYSIS = YES;
				CLANG_WARN_STRICT_PROTOTYPES = YES;
				CLANG_WARN_SUSPICIOUS_MOVE = YES;
				CLANG_WARN_UNGUARDED_AVAILABILITY = YES_AGGRESSIVE;
				CLANG_WARN_UNREACHABLE_CODE = YES;
				CLANG_WARN__DUPLICATE_METHOD_MATCH = YES;
				COPY_PHASE_STRIP = NO;
				DEBUG_INFORMATION_FORMAT = dwarf;
				ENABLE_STRICT_OBJC_MSGSEND = YES;
				ENABLE_TESTABILITY = YES;
				GCC_C_LANGUAGE_STANDARD = gnu11;
				GCC_DYNAMIC_NO_PIC = NO;
				GCC_NO_COMMON_BLOCKS = YES;
				GCC_OPTIMIZATION_LEVEL = 0;
				GCC_PREPROCESSOR_DEFINITIONS = (
					"DEBUG=1",
					"$(inherited)",
				);
				GCC_WARN_64_TO_32_BIT_CONVERSION = YES;
				GCC_WARN_ABOUT_RETURN_TYPE = YES_ERROR;
				GCC_WARN_UNDECLARED_SELECTOR = YES;
				GCC_WARN_UNINITIALIZED_AUTOS = YES_AGGRESSIVE;
				GCC_WARN_UNUSED_FUNCTION = YES;
				GCC_WARN_UNUSED_VARIABLE = YES;
				IPHONEOS_DEPLOYMENT_TARGET = 16.4;
				MTL_ENABLE_DEBUG_INFO = INCLUDE_SOURCE;
				MTL_FAST_MATH = YES;
				ONLY_ACTIVE_ARCH = YES;
				SDKROOT = iphoneos;
				SWIFT_ACTIVE_COMPILATION_CONDITIONS = DEBUG;
				SWIFT_OPTIMIZATION_LEVEL = "-Onone";
			};
			name = Debug;
		};
		87DAEA2D2A9CB94700B6E194 /* Release */ = {
			isa = XCBuildConfiguration;
			buildSettings = {
				ALWAYS_SEARCH_USER_PATHS = NO;
				CLANG_ANALYZER_NONNULL = YES;
				CLANG_ANALYZER_NUMBER_OBJECT_CONVERSION = YES_AGGRESSIVE;
				CLANG_CXX_LANGUAGE_STANDARD = "gnu++20";
				CLANG_ENABLE_MODULES = YES;
				CLANG_ENABLE_OBJC_ARC = YES;
				CLANG_ENABLE_OBJC_WEAK = YES;
				CLANG_WARN_BLOCK_CAPTURE_AUTORELEASING = YES;
				CLANG_WARN_BOOL_CONVERSION = YES;
				CLANG_WARN_COMMA = YES;
				CLANG_WARN_CONSTANT_CONVERSION = YES;
				CLANG_WARN_DEPRECATED_OBJC_IMPLEMENTATIONS = YES;
				CLANG_WARN_DIRECT_OBJC_ISA_USAGE = YES_ERROR;
				CLANG_WARN_DOCUMENTATION_COMMENTS = YES;
				CLANG_WARN_EMPTY_BODY = YES;
				CLANG_WARN_ENUM_CONVERSION = YES;
				CLANG_WARN_INFINITE_RECURSION = YES;
				CLANG_WARN_INT_CONVERSION = YES;
				CLANG_WARN_NON_LITERAL_NULL_CONVERSION = YES;
				CLANG_WARN_OBJC_IMPLICIT_RETAIN_SELF = YES;
				CLANG_WARN_OBJC_LITERAL_CONVERSION = YES;
				CLANG_WARN_OBJC_ROOT_CLASS = YES_ERROR;
				CLANG_WARN_QUOTED_INCLUDE_IN_FRAMEWORK_HEADER = YES;
				CLANG_WARN_RANGE_LOOP_ANALYSIS = YES;
				CLANG_WARN_STRICT_PROTOTYPES = YES;
				CLANG_WARN_SUSPICIOUS_MOVE = YES;
				CLANG_WARN_UNGUARDED_AVAILABILITY = YES_AGGRESSIVE;
				CLANG_WARN_UNREACHABLE_CODE = YES;
				CLANG_WARN__DUPLICATE_METHOD_MATCH = YES;
				COPY_PHASE_STRIP = NO;
				DEBUG_INFORMATION_FORMAT = "dwarf-with-dsym";
				ENABLE_NS_ASSERTIONS = NO;
				ENABLE_STRICT_OBJC_MSGSEND = YES;
				GCC_C_LANGUAGE_STANDARD = gnu11;
				GCC_NO_COMMON_BLOCKS = YES;
				GCC_WARN_64_TO_32_BIT_CONVERSION = YES;
				GCC_WARN_ABOUT_RETURN_TYPE = YES_ERROR;
				GCC_WARN_UNDECLARED_SELECTOR = YES;
				GCC_WARN_UNINITIALIZED_AUTOS = YES_AGGRESSIVE;
				GCC_WARN_UNUSED_FUNCTION = YES;
				GCC_WARN_UNUSED_VARIABLE = YES;
				IPHONEOS_DEPLOYMENT_TARGET = 16.4;
				MTL_ENABLE_DEBUG_INFO = NO;
				MTL_FAST_MATH = YES;
				SDKROOT = iphoneos;
				SWIFT_COMPILATION_MODE = wholemodule;
				SWIFT_OPTIMIZATION_LEVEL = "-O";
				VALIDATE_PRODUCT = YES;
			};
			name = Release;
		};
		87DAEA2F2A9CB94700B6E194 /* Debug */ = {
			isa = XCBuildConfiguration;
			buildSettings = {
				ASSETCATALOG_COMPILER_APPICON_NAME = AppIcon;
				ASSETCATALOG_COMPILER_GLOBAL_ACCENT_COLOR_NAME = AccentColor;
				CODE_SIGN_STYLE = Automatic;
				CURRENT_PROJECT_VERSION = 1;
				DEVELOPMENT_TEAM = 2P5FNS3JAJ;
				GENERATE_INFOPLIST_FILE = YES;
				INFOPLIST_FILE = NavigationControllerTest/Info.plist;
				INFOPLIST_KEY_UIApplicationSupportsIndirectInputEvents = YES;
				INFOPLIST_KEY_UILaunchStoryboardName = LaunchScreen;
				INFOPLIST_KEY_UIMainStoryboardFile = Main;
				INFOPLIST_KEY_UISupportedInterfaceOrientations_iPad = "UIInterfaceOrientationPortrait UIInterfaceOrientationPortraitUpsideDown UIInterfaceOrientationLandscapeLeft UIInterfaceOrientationLandscapeRight";
				INFOPLIST_KEY_UISupportedInterfaceOrientations_iPhone = "UIInterfaceOrientationPortrait UIInterfaceOrientationLandscapeLeft UIInterfaceOrientationLandscapeRight";
				LD_RUNPATH_SEARCH_PATHS = (
					"$(inherited)",
					"@executable_path/Frameworks",
				);
				MARKETING_VERSION = 1.0;
				PRODUCT_BUNDLE_IDENTIFIER = com.seohyun.iOSApp.NavigationControllerTest;
				PRODUCT_NAME = "$(TARGET_NAME)";
				SWIFT_EMIT_LOC_STRINGS = YES;
				SWIFT_VERSION = 5.0;
				TARGETED_DEVICE_FAMILY = "1,2";
			};
			name = Debug;
		};
		87DAEA302A9CB94700B6E194 /* Release */ = {
			isa = XCBuildConfiguration;
			buildSettings = {
				ASSETCATALOG_COMPILER_APPICON_NAME = AppIcon;
				ASSETCATALOG_COMPILER_GLOBAL_ACCENT_COLOR_NAME = AccentColor;
				CODE_SIGN_STYLE = Automatic;
				CURRENT_PROJECT_VERSION = 1;
				DEVELOPMENT_TEAM = 2P5FNS3JAJ;
				GENERATE_INFOPLIST_FILE = YES;
				INFOPLIST_FILE = NavigationControllerTest/Info.plist;
				INFOPLIST_KEY_UIApplicationSupportsIndirectInputEvents = YES;
				INFOPLIST_KEY_UILaunchStoryboardName = LaunchScreen;
				INFOPLIST_KEY_UIMainStoryboardFile = Main;
				INFOPLIST_KEY_UISupportedInterfaceOrientations_iPad = "UIInterfaceOrientationPortrait UIInterfaceOrientationPortraitUpsideDown UIInterfaceOrientationLandscapeLeft UIInterfaceOrientationLandscapeRight";
				INFOPLIST_KEY_UISupportedInterfaceOrientations_iPhone = "UIInterfaceOrientationPortrait UIInterfaceOrientationLandscapeLeft UIInterfaceOrientationLandscapeRight";
				LD_RUNPATH_SEARCH_PATHS = (
					"$(inherited)",
					"@executable_path/Frameworks",
				);
				MARKETING_VERSION = 1.0;
				PRODUCT_BUNDLE_IDENTIFIER = com.seohyun.iOSApp.NavigationControllerTest;
				PRODUCT_NAME = "$(TARGET_NAME)";
				SWIFT_EMIT_LOC_STRINGS = YES;
				SWIFT_VERSION = 5.0;
				TARGETED_DEVICE_FAMILY = "1,2";
			};
			name = Release;
		};
/* End XCBuildConfiguration section */

/* Begin XCConfigurationList section */
		87DAEA152A9CB94700B6E194 /* Build configuration list for PBXProject "NavigationControllerTest" */ = {
			isa = XCConfigurationList;
			buildConfigurations = (
				87DAEA2C2A9CB94700B6E194 /* Debug */,
				87DAEA2D2A9CB94700B6E194 /* Release */,
			);
			defaultConfigurationIsVisible = 0;
			defaultConfigurationName = Release;
		};
		87DAEA2E2A9CB94700B6E194 /* Build configuration list for PBXNativeTarget "NavigationControllerTest" */ = {
			isa = XCConfigurationList;
			buildConfigurations = (
				87DAEA2F2A9CB94700B6E194 /* Debug */,
				87DAEA302A9CB94700B6E194 /* Release */,
			);
			defaultConfigurationIsVisible = 0;
			defaultConfigurationName = Release;
		};
/* End XCConfigurationList section */
	};
	rootObject = 87DAEA122A9CB94700B6E194 /* Project object */;
}
